{
    "_readme": [
        "This file locks the dependencies of your project to a known state",
        "Read more about it at https://getcomposer.org/doc/01-basic-usage.md#composer-lock-the-lock-file",
        "This file is @generated automatically"
    ],
    "content-hash": "91f14c11da36302796f7aaf2d26941a3",
    "packages": [
        {
            "name": "phpcmx/common",
            "version": "1.0.3",
            "source": {
                "type": "git",
                "url": "https://github.com/phpcmx/common.git",
                "reference": "316f0b9f6f9097bbb65ffbf3c0ce0a8732eccd4b"
            },
            "dist": {
                "type": "zip",
                "url": "https://files.phpcomposer.com/files/phpcmx/common/316f0b9f6f9097bbb65ffbf3c0ce0a8732eccd4b.zip",
                "reference": "316f0b9f6f9097bbb65ffbf3c0ce0a8732eccd4b",
                "shasum": ""
            },
            "type": "library",
            "autoload": {
                "psr-4": {
                    "phpcmx\\common\\": "src/"
                }
            },
            "notification-url": "https://packagist.org/downloads/",
            "license": [
                "MIT"
            ],
            "description": "一些快捷常用类库",
            "keywords": [
                "common",
                "lib",
                "phpcmx",
                "phpcmx common"
            ],
            "time": "2018-05-04T10:13:35+00:00"
        }
    ],
    "packages-dev": [],
    "aliases": [],
    "minimum-stability": "stable",
    "stability-flags": [],
    "prefer-stable": false,
    "prefer-lowest": false,
    "platform": [],
    "platform-dev": []
}
